{
  "version": 4,
  "terraform_version": "1.3.6",
  "serial": 1110,
  "lineage": "43926e74-ad80-8ee3-f8b4-3ce983c7cf65",
  "outputs": {
    "consul_url": {
      "value": "http://ec2-54-226-128-182.compute-1.amazonaws.com:8500",
      "type": "string"
    },
    "gateway_id": {
      "value": "igw-0d1fbe46429d1d572",
      "type": "string"
    },
    "instance_public_ip": {
      "value": "54.226.128.182",
      "type": "string"
    },
    "jenkins_url": {
      "value": "http://ec2-54-226-128-182.compute-1.amazonaws.com:8080",
      "type": "string"
    },
    "my_key": {
      "value": "ssh-rsa AAAAB3NzaC1yc2EAAAADAQABAAACAQCj8Ekv9f+V+XsY100rjlDnsOrA9lFQLtMeNkJ/F04LW6WNyIPcU8IaqqD4lMuvJqGdIdpL1qzux9uyp9yRvut1+lbVDmg5niUOcjG/bFJRnEzzScrud+X1lYIZlGx1DqJKSJzzyIJAFBoPHeUMtpOUibrD3Bu2Xq/3YwlFonK8169eT7fGk++4HtYvgqDVscrmzQ+Yls2NheKiPW+nQIT+ni7UMZP9s2uHnpZMYMmOvEDRR4KaRgPtlD7Oeq1Dl73j0uEV5pxG7duMOwJu2S03Ni6FqDV7kz2mnwxfjR4QAhmntFo2Fyrk+umb858laaT6NC0TDHvhDWonhz302T9v5tHnKj+kCImq0LSwOglJcWqyIwBs4uhE60PBHE6OMr8BtcA6IL0rucwQB46cWPrg/5HPP195LUGk73eTmq5j3npn8f8Pqg35GKfvqCOLl+uc34cav7CZY535NvSYamBwutLM75/K2iMAno/ivfun7//snx4dD4s1m9zymxgFUzrQaih6OgppN9O9m5x4AA3qtkmngkVHy0BQMa+cPBnmucul+m+wdSwcRzAHtR25mlXk26zyTcvaGmTbojR9O0Nc1ZlTHgGqYTw3nbzUke9zKURoctgNE3pW3XqFDCC8TWNiQQ9KAIfFJM2B1OQW5ooKHCYTQSn6JnDkYi1CeerHWw==",
      "type": "string"
    },
    "my_key_name": {
      "value": "consul_key",
      "type": "string"
    },
    "nat_gateway_id": {
      "value": "nat-090b256531b9f9bc6",
      "type": "string"
    },
    "public_route_table_id_alb_nat": {
      "value": "rtb-031a6328a9e668515",
      "type": "string"
    },
    "vpc_id": {
      "value": "vpc-032aa809d2833bf37",
      "type": "string"
    }
  },
  "resources": [
    {
      "mode": "managed",
      "type": "aws_eip",
      "name": "my_eip",
      "provider": "provider[\"registry.terraform.io/hashicorp/aws\"]",
      "instances": [
        {
          "schema_version": 0,
          "attributes": {
            "address": null,
            "allocation_id": "eipalloc-0d35a149a1e9f4bea",
            "associate_with_private_ip": null,
            "association_id": "",
            "carrier_ip": "",
            "customer_owned_ip": "",
            "customer_owned_ipv4_pool": "",
            "domain": "vpc",
            "id": "eipalloc-0d35a149a1e9f4bea",
            "instance": "",
            "network_border_group": "us-east-1",
            "network_interface": "",
            "private_dns": null,
            "private_ip": "",
            "public_dns": "ec2-54-80-161-14.compute-1.amazonaws.com",
            "public_ip": "54.80.161.14",
            "public_ipv4_pool": "amazon",
            "tags": null,
            "tags_all": {},
            "timeouts": null,
            "vpc": true
          },
          "sensitive_attributes": [],
          "private": "eyJlMmJmYjczMC1lY2FhLTExZTYtOGY4OC0zNDM2M2JjN2M0YzAiOnsiZGVsZXRlIjoxODAwMDAwMDAwMDAsInJlYWQiOjkwMDAwMDAwMDAwMCwidXBkYXRlIjozMDAwMDAwMDAwMDB9fQ=="
        }
      ]
    },
    {
      "mode": "managed",
      "type": "aws_instance",
      "name": "jenkins-consul",
      "provider": "provider[\"registry.terraform.io/hashicorp/aws\"]",
      "instances": [
        {
          "schema_version": 1,
          "attributes": {
            "ami": "ami-0574da719dca65348",
            "arn": "arn:aws:ec2:us-east-1:216997946734:instance/i-0b5d8088b02b5f93b",
            "associate_public_ip_address": true,
            "availability_zone": "us-east-1a",
            "capacity_reservation_specification": [
              {
                "capacity_reservation_preference": "open",
                "capacity_reservation_target": []
              }
            ],
            "cpu_core_count": 1,
            "cpu_options": [
              {
                "amd_sev_snp": "",
                "core_count": 1,
                "threads_per_core": 1
              }
            ],
            "cpu_threads_per_core": 1,
            "credit_specification": [
              {
                "cpu_credits": "standard"
              }
            ],
            "disable_api_stop": false,
            "disable_api_termination": false,
            "ebs_block_device": [],
            "ebs_optimized": false,
            "enclave_options": [
              {
                "enabled": false
              }
            ],
            "ephemeral_block_device": [],
            "get_password_data": false,
            "hibernation": false,
            "host_id": "",
            "host_resource_group_arn": null,
            "iam_instance_profile": "",
            "id": "i-0b5d8088b02b5f93b",
            "instance_initiated_shutdown_behavior": "stop",
            "instance_state": "running",
            "instance_type": "t2.micro",
            "ipv6_address_count": 0,
            "ipv6_addresses": [],
            "key_name": "consul_key",
            "launch_template": [],
            "maintenance_options": [
              {
                "auto_recovery": "default"
              }
            ],
            "metadata_options": [
              {
                "http_endpoint": "enabled",
                "http_put_response_hop_limit": 1,
                "http_tokens": "optional",
                "instance_metadata_tags": "disabled"
              }
            ],
            "monitoring": false,
            "network_interface": [],
            "outpost_arn": "",
            "password_data": "",
            "placement_group": "",
            "placement_partition_number": 0,
            "primary_network_interface_id": "eni-0f4fab3ce6edf694c",
            "private_dns": "ip-10-0-6-156.ec2.internal",
            "private_dns_name_options": [
              {
                "enable_resource_name_dns_a_record": false,
                "enable_resource_name_dns_aaaa_record": false,
                "hostname_type": "ip-name"
              }
            ],
            "private_ip": "10.0.6.156",
            "public_dns": "ec2-54-226-128-182.compute-1.amazonaws.com",
            "public_ip": "54.226.128.182",
            "root_block_device": [
              {
                "delete_on_termination": true,
                "device_name": "/dev/sda1",
                "encrypted": false,
                "iops": 100,
                "kms_key_id": "",
                "tags": {},
                "throughput": 0,
                "volume_id": "vol-0e9df00c81ae8db2e",
                "volume_size": 8,
                "volume_type": "gp2"
              }
            ],
            "secondary_private_ips": [],
            "security_groups": [],
            "source_dest_check": true,
            "subnet_id": "subnet-0cdb7b6528b9f4e17",
            "tags": {
              "Name": "Jenkins+consul EC2 instance"
            },
            "tags_all": {
              "Name": "Jenkins+consul EC2 instance"
            },
            "tenancy": "default",
            "timeouts": null,
            "user_data": "c56399813614b3a9d0956d03bb2304f882496f09",
            "user_data_base64": null,
            "user_data_replace_on_change": false,
            "volume_tags": null,
            "vpc_security_group_ids": [
              "sg-07e76f62144935bed"
            ]
          },
          "sensitive_attributes": [],
          "private": "eyJlMmJmYjczMC1lY2FhLTExZTYtOGY4OC0zNDM2M2JjN2M0YzAiOnsiY3JlYXRlIjo2MDAwMDAwMDAwMDAsImRlbGV0ZSI6MTIwMDAwMDAwMDAwMCwidXBkYXRlIjo2MDAwMDAwMDAwMDB9LCJzY2hlbWFfdmVyc2lvbiI6IjEifQ==",
          "dependencies": [
            "aws_key_pair.ec2_key",
            "aws_security_group.jenkins-consul_sg",
            "aws_subnet.ec2_4",
            "aws_vpc.main",
            "local_file.TF-key",
            "tls_private_key.rsa"
          ]
        }
      ]
    },
    {
      "mode": "managed",
      "type": "aws_internet_gateway",
      "name": "igw",
      "provider": "provider[\"registry.terraform.io/hashicorp/aws\"]",
      "instances": [
        {
          "schema_version": 0,
          "attributes": {
            "arn": "arn:aws:ec2:us-east-1:216997946734:internet-gateway/igw-0d1fbe46429d1d572",
            "id": "igw-0d1fbe46429d1d572",
            "owner_id": "216997946734",
            "tags": null,
            "tags_all": {},
            "timeouts": null,
            "vpc_id": "vpc-032aa809d2833bf37"
          },
          "sensitive_attributes": [],
          "private": "eyJlMmJmYjczMC1lY2FhLTExZTYtOGY4OC0zNDM2M2JjN2M0YzAiOnsiY3JlYXRlIjoxMjAwMDAwMDAwMDAwLCJkZWxldGUiOjEyMDAwMDAwMDAwMDAsInVwZGF0ZSI6MTIwMDAwMDAwMDAwMH19",
          "dependencies": [
            "aws_vpc.main"
          ]
        }
      ]
    },
    {
      "mode": "managed",
      "type": "aws_key_pair",
      "name": "ec2_key",
      "provider": "provider[\"registry.terraform.io/hashicorp/aws\"]",
      "instances": [
        {
          "schema_version": 1,
          "attributes": {
            "arn": "arn:aws:ec2:us-east-1:216997946734:key-pair/consul_key",
            "fingerprint": "7d:e6:ad:1a:8c:04:7d:db:3f:a1:ca:ce:ac:14:b3:e2",
            "id": "consul_key",
            "key_name": "consul_key",
            "key_name_prefix": "",
            "key_pair_id": "key-0d6982801ac327988",
            "key_type": "rsa",
            "public_key": "ssh-rsa AAAAB3NzaC1yc2EAAAADAQABAAACAQCj8Ekv9f+V+XsY100rjlDnsOrA9lFQLtMeNkJ/F04LW6WNyIPcU8IaqqD4lMuvJqGdIdpL1qzux9uyp9yRvut1+lbVDmg5niUOcjG/bFJRnEzzScrud+X1lYIZlGx1DqJKSJzzyIJAFBoPHeUMtpOUibrD3Bu2Xq/3YwlFonK8169eT7fGk++4HtYvgqDVscrmzQ+Yls2NheKiPW+nQIT+ni7UMZP9s2uHnpZMYMmOvEDRR4KaRgPtlD7Oeq1Dl73j0uEV5pxG7duMOwJu2S03Ni6FqDV7kz2mnwxfjR4QAhmntFo2Fyrk+umb858laaT6NC0TDHvhDWonhz302T9v5tHnKj+kCImq0LSwOglJcWqyIwBs4uhE60PBHE6OMr8BtcA6IL0rucwQB46cWPrg/5HPP195LUGk73eTmq5j3npn8f8Pqg35GKfvqCOLl+uc34cav7CZY535NvSYamBwutLM75/K2iMAno/ivfun7//snx4dD4s1m9zymxgFUzrQaih6OgppN9O9m5x4AA3qtkmngkVHy0BQMa+cPBnmucul+m+wdSwcRzAHtR25mlXk26zyTcvaGmTbojR9O0Nc1ZlTHgGqYTw3nbzUke9zKURoctgNE3pW3XqFDCC8TWNiQQ9KAIfFJM2B1OQW5ooKHCYTQSn6JnDkYi1CeerHWw==",
            "tags": null,
            "tags_all": {}
          },
          "sensitive_attributes": [],
          "private": "eyJzY2hlbWFfdmVyc2lvbiI6IjEifQ==",
          "dependencies": [
            "tls_private_key.rsa"
          ]
        }
      ]
    },
    {
      "mode": "managed",
      "type": "aws_nat_gateway",
      "name": "my_nat_gateway",
      "provider": "provider[\"registry.terraform.io/hashicorp/aws\"]",
      "instances": [
        {
          "schema_version": 0,
          "attributes": {
            "allocation_id": "eipalloc-0d35a149a1e9f4bea",
            "association_id": "eipassoc-051e98f048a2636f3",
            "connectivity_type": "public",
            "id": "nat-090b256531b9f9bc6",
            "network_interface_id": "eni-08221df94a1951485",
            "private_ip": "10.0.9.49",
            "public_ip": "54.80.161.14",
            "subnet_id": "subnet-05bb03b44c41325b9",
            "tags": null,
            "tags_all": {}
          },
          "sensitive_attributes": [],
          "private": "bnVsbA==",
          "dependencies": [
            "aws_eip.my_eip",
            "aws_internet_gateway.igw",
            "aws_subnet.nat",
            "aws_vpc.main"
          ]
        }
      ]
    },
    {
      "mode": "managed",
      "type": "aws_route_table",
      "name": "main",
      "provider": "provider[\"registry.terraform.io/hashicorp/aws\"]",
      "instances": [
        {
          "schema_version": 0,
          "attributes": {
            "arn": "arn:aws:ec2:us-east-1:216997946734:route-table/rtb-0ec739184ae15bbe0",
            "id": "rtb-0ec739184ae15bbe0",
            "owner_id": "216997946734",
            "propagating_vgws": [],
            "route": [
              {
                "carrier_gateway_id": "",
                "cidr_block": "0.0.0.0/0",
                "core_network_arn": "",
                "destination_prefix_list_id": "",
                "egress_only_gateway_id": "",
                "gateway_id": "igw-0d1fbe46429d1d572",
                "ipv6_cidr_block": "",
                "local_gateway_id": "",
                "nat_gateway_id": "",
                "network_interface_id": "",
                "transit_gateway_id": "",
                "vpc_endpoint_id": "",
                "vpc_peering_connection_id": ""
              }
            ],
            "tags": {
              "Name": "Jenkins+consul EC2 route table"
            },
            "tags_all": {
              "Name": "Jenkins+consul EC2 route table"
            },
            "timeouts": null,
            "vpc_id": "vpc-032aa809d2833bf37"
          },
          "sensitive_attributes": [],
          "private": "eyJlMmJmYjczMC1lY2FhLTExZTYtOGY4OC0zNDM2M2JjN2M0YzAiOnsiY3JlYXRlIjozMDAwMDAwMDAwMDAsImRlbGV0ZSI6MzAwMDAwMDAwMDAwLCJ1cGRhdGUiOjEyMDAwMDAwMDAwMH19",
          "dependencies": [
            "aws_internet_gateway.igw",
            "aws_vpc.main"
          ]
        }
      ]
    },
    {
      "mode": "managed",
      "type": "aws_route_table",
      "name": "public_alb_nat",
      "provider": "provider[\"registry.terraform.io/hashicorp/aws\"]",
      "instances": [
        {
          "schema_version": 0,
          "attributes": {
            "arn": "arn:aws:ec2:us-east-1:216997946734:route-table/rtb-031a6328a9e668515",
            "id": "rtb-031a6328a9e668515",
            "owner_id": "216997946734",
            "propagating_vgws": [],
            "route": [
              {
                "carrier_gateway_id": "",
                "cidr_block": "0.0.0.0/0",
                "core_network_arn": "",
                "destination_prefix_list_id": "",
                "egress_only_gateway_id": "",
                "gateway_id": "igw-0d1fbe46429d1d572",
                "ipv6_cidr_block": "",
                "local_gateway_id": "",
                "nat_gateway_id": "",
                "network_interface_id": "",
                "transit_gateway_id": "",
                "vpc_endpoint_id": "",
                "vpc_peering_connection_id": ""
              }
            ],
            "tags": {
              "Name": "public Route alb"
            },
            "tags_all": {
              "Name": "public Route alb"
            },
            "timeouts": null,
            "vpc_id": "vpc-032aa809d2833bf37"
          },
          "sensitive_attributes": [],
          "private": "eyJlMmJmYjczMC1lY2FhLTExZTYtOGY4OC0zNDM2M2JjN2M0YzAiOnsiY3JlYXRlIjozMDAwMDAwMDAwMDAsImRlbGV0ZSI6MzAwMDAwMDAwMDAwLCJ1cGRhdGUiOjEyMDAwMDAwMDAwMH19",
          "dependencies": [
            "aws_internet_gateway.igw",
            "aws_vpc.main"
          ]
        }
      ]
    },
    {
      "mode": "managed",
      "type": "aws_route_table_association",
      "name": "jenkis-consul",
      "provider": "provider[\"registry.terraform.io/hashicorp/aws\"]",
      "instances": [
        {
          "schema_version": 0,
          "attributes": {
            "gateway_id": "",
            "id": "rtbassoc-006fadce9582cb0ef",
            "route_table_id": "rtb-0ec739184ae15bbe0",
            "subnet_id": "subnet-0cdb7b6528b9f4e17",
            "timeouts": null
          },
          "sensitive_attributes": [],
          "private": "eyJlMmJmYjczMC1lY2FhLTExZTYtOGY4OC0zNDM2M2JjN2M0YzAiOnsiY3JlYXRlIjozMDAwMDAwMDAwMDAsImRlbGV0ZSI6MzAwMDAwMDAwMDAwLCJ1cGRhdGUiOjEyMDAwMDAwMDAwMH19",
          "dependencies": [
            "aws_internet_gateway.igw",
            "aws_route_table.main",
            "aws_subnet.ec2_4",
            "aws_vpc.main"
          ]
        }
      ]
    },
    {
      "mode": "managed",
      "type": "aws_route_table_association",
      "name": "nat",
      "provider": "provider[\"registry.terraform.io/hashicorp/aws\"]",
      "instances": [
        {
          "schema_version": 0,
          "attributes": {
            "gateway_id": "",
            "id": "rtbassoc-0591fbe26abf1026b",
            "route_table_id": "rtb-031a6328a9e668515",
            "subnet_id": "subnet-05bb03b44c41325b9",
            "timeouts": null
          },
          "sensitive_attributes": [],
          "private": "eyJlMmJmYjczMC1lY2FhLTExZTYtOGY4OC0zNDM2M2JjN2M0YzAiOnsiY3JlYXRlIjozMDAwMDAwMDAwMDAsImRlbGV0ZSI6MzAwMDAwMDAwMDAwLCJ1cGRhdGUiOjEyMDAwMDAwMDAwMH19",
          "dependencies": [
            "aws_internet_gateway.igw",
            "aws_route_table.public_alb_nat",
            "aws_subnet.nat",
            "aws_vpc.main"
          ]
        }
      ]
    },
    {
      "mode": "managed",
      "type": "aws_security_group",
      "name": "jenkins-consul_sg",
      "provider": "provider[\"registry.terraform.io/hashicorp/aws\"]",
      "instances": [
        {
          "schema_version": 1,
          "attributes": {
            "arn": "arn:aws:ec2:us-east-1:216997946734:security-group/sg-07e76f62144935bed",
            "description": "Allow HTTP and SSH access",
            "egress": [
              {
                "cidr_blocks": [
                  "0.0.0.0/0"
                ],
                "description": "",
                "from_port": 0,
                "ipv6_cidr_blocks": [],
                "prefix_list_ids": [],
                "protocol": "-1",
                "security_groups": [],
                "self": false,
                "to_port": 0
              }
            ],
            "id": "sg-07e76f62144935bed",
            "ingress": [
              {
                "cidr_blocks": [
                  "0.0.0.0/0"
                ],
                "description": "",
                "from_port": 22,
                "ipv6_cidr_blocks": [],
                "prefix_list_ids": [],
                "protocol": "tcp",
                "security_groups": [],
                "self": false,
                "to_port": 22
              },
              {
                "cidr_blocks": [
                  "0.0.0.0/0"
                ],
                "description": "",
                "from_port": 5000,
                "ipv6_cidr_blocks": [],
                "prefix_list_ids": [],
                "protocol": "tcp",
                "security_groups": [],
                "self": false,
                "to_port": 5000
              },
              {
                "cidr_blocks": [
                  "0.0.0.0/0"
                ],
                "description": "",
                "from_port": 8080,
                "ipv6_cidr_blocks": [],
                "prefix_list_ids": [],
                "protocol": "tcp",
                "security_groups": [],
                "self": false,
                "to_port": 8080
              },
              {
                "cidr_blocks": [
                  "0.0.0.0/0"
                ],
                "description": "",
                "from_port": 8200,
                "ipv6_cidr_blocks": [],
                "prefix_list_ids": [],
                "protocol": "tcp",
                "security_groups": [],
                "self": false,
                "to_port": 8200
              },
              {
                "cidr_blocks": [
                  "0.0.0.0/0"
                ],
                "description": "",
                "from_port": 8500,
                "ipv6_cidr_blocks": [],
                "prefix_list_ids": [],
                "protocol": "tcp",
                "security_groups": [],
                "self": false,
                "to_port": 8500
              }
            ],
            "name": "jenkins_security_group",
            "name_prefix": "",
            "owner_id": "216997946734",
            "revoke_rules_on_delete": false,
            "tags": {
              "Name": "Jenkins+consul EC2 route table"
            },
            "tags_all": {
              "Name": "Jenkins+consul EC2 route table"
            },
            "timeouts": null,
            "vpc_id": "vpc-032aa809d2833bf37"
          },
          "sensitive_attributes": [],
          "private": "eyJlMmJmYjczMC1lY2FhLTExZTYtOGY4OC0zNDM2M2JjN2M0YzAiOnsiY3JlYXRlIjo2MDAwMDAwMDAwMDAsImRlbGV0ZSI6OTAwMDAwMDAwMDAwfSwic2NoZW1hX3ZlcnNpb24iOiIxIn0=",
          "dependencies": [
            "aws_vpc.main"
          ]
        }
      ]
    },
    {
      "mode": "managed",
      "type": "aws_subnet",
      "name": "ec2_4",
      "provider": "provider[\"registry.terraform.io/hashicorp/aws\"]",
      "instances": [
        {
          "schema_version": 1,
          "attributes": {
            "arn": "arn:aws:ec2:us-east-1:216997946734:subnet/subnet-0cdb7b6528b9f4e17",
            "assign_ipv6_address_on_creation": false,
            "availability_zone": "us-east-1a",
            "availability_zone_id": "use1-az4",
            "cidr_block": "10.0.6.0/24",
            "customer_owned_ipv4_pool": "",
            "enable_dns64": false,
            "enable_lni_at_device_index": 0,
            "enable_resource_name_dns_a_record_on_launch": false,
            "enable_resource_name_dns_aaaa_record_on_launch": false,
            "id": "subnet-0cdb7b6528b9f4e17",
            "ipv6_cidr_block": "",
            "ipv6_cidr_block_association_id": "",
            "ipv6_native": false,
            "map_customer_owned_ip_on_launch": false,
            "map_public_ip_on_launch": false,
            "outpost_arn": "",
            "owner_id": "216997946734",
            "private_dns_hostname_type_on_launch": "ip-name",
            "tags": null,
            "tags_all": {},
            "timeouts": null,
            "vpc_id": "vpc-032aa809d2833bf37"
          },
          "sensitive_attributes": [],
          "private": "eyJlMmJmYjczMC1lY2FhLTExZTYtOGY4OC0zNDM2M2JjN2M0YzAiOnsiY3JlYXRlIjo2MDAwMDAwMDAwMDAsImRlbGV0ZSI6MTIwMDAwMDAwMDAwMH0sInNjaGVtYV92ZXJzaW9uIjoiMSJ9",
          "dependencies": [
            "aws_vpc.main"
          ]
        }
      ]
    },
    {
      "mode": "managed",
      "type": "aws_subnet",
      "name": "nat",
      "provider": "provider[\"registry.terraform.io/hashicorp/aws\"]",
      "instances": [
        {
          "schema_version": 1,
          "attributes": {
            "arn": "arn:aws:ec2:us-east-1:216997946734:subnet/subnet-05bb03b44c41325b9",
            "assign_ipv6_address_on_creation": false,
            "availability_zone": "us-east-1a",
            "availability_zone_id": "use1-az4",
            "cidr_block": "10.0.9.0/24",
            "customer_owned_ipv4_pool": "",
            "enable_dns64": false,
            "enable_lni_at_device_index": 0,
            "enable_resource_name_dns_a_record_on_launch": false,
            "enable_resource_name_dns_aaaa_record_on_launch": false,
            "id": "subnet-05bb03b44c41325b9",
            "ipv6_cidr_block": "",
            "ipv6_cidr_block_association_id": "",
            "ipv6_native": false,
            "map_customer_owned_ip_on_launch": false,
            "map_public_ip_on_launch": false,
            "outpost_arn": "",
            "owner_id": "216997946734",
            "private_dns_hostname_type_on_launch": "ip-name",
            "tags": null,
            "tags_all": {},
            "timeouts": null,
            "vpc_id": "vpc-032aa809d2833bf37"
          },
          "sensitive_attributes": [],
          "private": "eyJlMmJmYjczMC1lY2FhLTExZTYtOGY4OC0zNDM2M2JjN2M0YzAiOnsiY3JlYXRlIjo2MDAwMDAwMDAwMDAsImRlbGV0ZSI6MTIwMDAwMDAwMDAwMH0sInNjaGVtYV92ZXJzaW9uIjoiMSJ9",
          "dependencies": [
            "aws_vpc.main"
          ]
        }
      ]
    },
    {
      "mode": "managed",
      "type": "aws_vpc",
      "name": "main",
      "provider": "provider[\"registry.terraform.io/hashicorp/aws\"]",
      "instances": [
        {
          "schema_version": 1,
          "attributes": {
            "arn": "arn:aws:ec2:us-east-1:216997946734:vpc/vpc-032aa809d2833bf37",
            "assign_generated_ipv6_cidr_block": false,
            "cidr_block": "10.0.0.0/16",
            "default_network_acl_id": "acl-0c4fbbc298df037c8",
            "default_route_table_id": "rtb-0c227de9a81053085",
            "default_security_group_id": "sg-06aae5a9052e3a3d6",
            "dhcp_options_id": "dopt-05f3f2c049e63e97d",
            "enable_dns_hostnames": true,
            "enable_dns_support": true,
            "enable_network_address_usage_metrics": false,
            "id": "vpc-032aa809d2833bf37",
            "instance_tenancy": "default",
            "ipv4_ipam_pool_id": null,
            "ipv4_netmask_length": null,
            "ipv6_association_id": "",
            "ipv6_cidr_block": "",
            "ipv6_cidr_block_network_border_group": "",
            "ipv6_ipam_pool_id": "",
            "ipv6_netmask_length": 0,
            "main_route_table_id": "rtb-0c227de9a81053085",
            "owner_id": "216997946734",
            "tags": {
              "Name": "main vpc"
            },
            "tags_all": {
              "Name": "main vpc"
            }
          },
          "sensitive_attributes": [],
          "private": "eyJzY2hlbWFfdmVyc2lvbiI6IjEifQ=="
        }
      ]
    },
    {
      "mode": "managed",
      "type": "local_file",
      "name": "TF-key",
      "provider": "provider[\"registry.terraform.io/hashicorp/local\"]",
      "instances": [
        {
          "schema_version": 0,
          "attributes": {
            "content": "-----BEGIN RSA PRIVATE KEY-----\nMIIJKAIBAAKCAgEAo/BJL/X/lfl7GNdNK45Q57DqwPZRUC7THjZCfxdOC1uljciD\n3FPCGqqg+JTLryahnSHaS9as7sfbsqfckb7rdfpW1Q5oOZ4lDnIxv2xSUZxM80nK\n7nfl9ZWCGZRsdQ6iSkic88iCQBQaDx3lDLaTlIm6w9wbtl6v92MJRaJyvNevXk+3\nxpPvuB7WL4Kg1bHK5s0PmJbNjYXioj1vp0CE/p4u1DGT/bNrh56WTGDJjrxA0UeC\nmkYD7ZQ+znqtQ5e949LhFeacRu3bjDsCbtktNzYuhag1e5M9pp8MX40eEAIZp7Ra\nNhcq5Prpm/OfJWmk+jQtEwx74Q1qJ4c99Nk/b+bR5yo/pAiJqtC0sDoJSXFqsiMA\nbOLoROtDwRxOjjK/AbXAOiC9K7nMEAeOnFj64P+Rzz9feS1BpO93k5quY956Z/H/\nD6oN+Rin76gji5frnN+HGr+wmWOd+Tb0mGpgcLrSzO+fytojAJ6P4r37p+//7J8e\nHQ+LNZvc8psYBVM60GooejoKaTfTvZuceAAN6rZJp4JFR8tAUDGvnDwZ5rnLpfpv\nsHUsHEcwB7UduZpV5Nus8k3L2hpk26I0fTtDXNWZUx4BqmE8N5281JHvcylEaHLY\nDRN6Vt16hQwgvE1jYkEPSgCHxSTNgdTkFuaKChwmE0Ep+iZw5GItQnnqx1sCAwEA\nAQKCAgBqk9Ygtf65E33xglcLD/SNC7kyRXBLfoWFyKSmVxJH1AbnDAqdfF5eU7te\nn+1jKuw6aT2vvBqlCY1MslB09/e/tUYqMLmVa7iPkbHBzrwdjk2AhOLG8W+wnsf7\ntUBlQWREgrx2yE3VNrxSQ48bGr8K/BdNKZVilGA1pk7q1FdfaaD64TyKfraDrph0\nPqotAu7z6TBQdQmhDf9ulh42T32mwlOTY7/gWXp4qqLveKTQhJZm9+RyQz5ef9ft\nCFgH72hl6jymrku+2Pe4TMyiH9KDaFgKUHakpe6YmiHDJMz8f0EKg/d53snmHzEs\nT8+Q1QOKHc2H6r/GaaAvnn6q5WmVXY1hsAHuI5IFkxTpjTWVTW6tZcUndgFOZQ21\nJOYu55Z88zmLP2Hir6bAukQINKxOUIRVRLtS18lhy64QUIDUJ3vVTyDgHq5P19vR\nZ6VjFW8AEHGEcVf8zwSUlpKhFoR0lBJud3kMzFB3fksRIKjqF6JYIvJZXWaFYrQf\nzbRVtmoyfOcHj+2NwF5AYcG9k+3ZefgBdrO1UHmMBTqlMlROBcmedqNYqCdbB+VQ\nUXqB99VVuGyB0mb7tMlYxjiTEqBVoU7WV64EMQ/ZlW62STYTweYUsB/UKdv5mWP3\n6hjN2IIKyzCQFplRRI0DRWtXyjMIlljjzIlN2iNDyWbU9ijOoQKCAQEA1fZ4Wfvx\n7xlems58ozVRstC9MSQkar5Je78wvOxA5peT5miG0y2qUg/F61y1neT0OoVjGFK3\n25iFg/C3sZoYVmXsVkDAKqp+XqS1zefeUrQmcfX7LlbYaKzT3koCzouuxaP3skE5\n3fJ0CItsVggLlFTFxInTjAz/76SoYiDGAdoJlxmo4k1j85BhelsxDXItG4g3pwvC\nL78yMycGpeZ2F7u4nsGpMvzxiVlg3akthlO3D1CESwESQGs7X35BzW2pFIoDW1ND\nRTVmePJ0qKsF57y7cTYRo7sEK1Sqt/pvgBDSWSQ/MnUuZaUFfxxw/Fep39WJqmsQ\nhWknM/+GL/OT2QKCAQEAxCXJgpmtVOLfrXdgSsDF/NmbOPZXOz6pQreu9uZDQ7vT\nILH+c8e1gIe2Y9YTbhz2AYO9zV/worbrvXvykj+7nPEWd3+ul2uQUf6m4wA2P4tI\n6R34YwvSdYUaRY1G2pZJR2v8FFulAmgqV305yBBjHg3o2ZQzf/XuYUjGOlW9vsIS\n1oJ6utYpiOFzwWTaCe/dI3Dp8hkiwPftWC1P3qeqyH65JHA6jOsefRaeDWgyaqfo\nwvZa6QjfT2lpXn/PndWnDeHaX9zTV0VHJNASi7AkYm8JiWYQMSAfuST3vwNkBe+I\nlILrIgohLzEXSvX3ekCu/L9SdTk1Sr2ncxGjKtGYUwKCAQEAlCbUkOIuVHPJmQGv\nNcdeqaV1ywgOm0blVOU+1yHzkneUdm8cJC+zhpzbW6xXKVx2a+segaINIuXKVWCh\noT1k6rYqXlL5fNGPLPN523hY7gVFtZUwdpa1xE0fawTuSpxXyQxPH8OgUPlntN7t\nheiONAg65GrW61u4//OQkFnHIVMbXt/qm8AgnG71wCZSoc/UQgMhHe67aBpIpTi5\nlrgsPyTBolPQV7jjekpEE1foaOGgmN8Uq2azf52AgA/JengbIliqGFtf8hUWvlqL\nwpqhPSPm2m4o6qk9Ks+2Yivrds6vCABcLhELrmAEnU5RQbllq9KNP05hIy97cLrW\n7G8JiQKCAQBjN/YR0SjDmquotI0J4y+DcpO5IasIde7qp72ieOGnnpfynvbmnCvs\nozmYkM5tUcsDAx/8hj5UIJFo3Qzb+88sWSuTMQwg3jE3uMe0ZgQK6qrr+NQPTgic\nl8KtUgR4R7MzpKTzq1Pxvr1EWjzjPZ7VshWKEhRm8wEtRsG2+m4r00HyLjhk0DZc\nXibOufQtOJ808UX1x88zq3Xst6cCKvAR0UBX9Uk4xSo7/jfe8kkmeF8eV72uyWUk\nZ178hUyBO3TwacGr4ikpqQqOzY3ECUquXBqH3Q/tuaEyZ0fG4LE063C8JulH47Xb\niEqPCZKwzY12nlTYpSKW9w5//3j5DOKvAoIBAEY7ObnZrI61l5KBfBGvwsehKRuT\nCCvrDptUDcLf+U7qqg4Autp7inhZc4fBuqkmS3SVMQrYYD761krhe/tDU3CdlGPk\nrr9ALYKQwt7dE9FmCeYzQA7RKYQBQH7dD+tlH3bZNnEXoT7m6FtuIzxIoR78ekH/\nEaGkB06AAxkv9mR20c4j7VW65aVOf63S+X9SadXfngAPiOcsKPmbX7x7nOi92+M4\nvi/H0DGYB1eDu5+jAYWyZLBKTAZgXMrKidQervbwvCwrVLj1IzPiuchf1QXuMlbs\nOqktf3fSGQmHfOj7hMF9O2OwNA2X37b3ciC7I47LVJdtCU9vi0tCNJLbrNA=\n-----END RSA PRIVATE KEY-----\n",
            "content_base64": null,
            "content_base64sha256": "d/rrsmwO6vkBOTFG5kFf9jBIzFzpV7Xm5xv+NF59ZHE=",
            "content_base64sha512": "D35XqegDEGcxFRbf/CGT1j99gsNqZXQguk9t3P3kQ0yCYFYMJFP+Bx2oAQwHmdZnyQpH3AIR6KOBfkxzAvpQhw==",
            "content_md5": "c2762babed95d6a0cd0610bd01614755",
            "content_sha1": "662dad2f35a9dcebcef59336ec084eb2008726ec",
            "content_sha256": "77faebb26c0eeaf901393146e6415ff63048cc5ce957b5e6e71bfe345e7d6471",
            "content_sha512": "0f7e57a9e8031067311516dffc2193d63f7d82c36a657420ba4f6ddcfde4434c8260560c2453fe071da8010c0799d667c90a47dc0211e8a3817e4c7302fa5087",
            "directory_permission": "0777",
            "file_permission": "0777",
            "filename": "tfkey",
            "id": "662dad2f35a9dcebcef59336ec084eb2008726ec",
            "sensitive_content": null,
            "source": null
          },
          "sensitive_attributes": [
            [
              {
                "type": "get_attr",
                "value": "content"
              }
            ]
          ],
          "dependencies": [
            "tls_private_key.rsa"
          ]
        }
      ]
    },
    {
      "mode": "managed",
      "type": "tls_private_key",
      "name": "rsa",
      "provider": "provider[\"registry.terraform.io/hashicorp/tls\"]",
      "instances": [
        {
          "schema_version": 1,
          "attributes": {
            "algorithm": "RSA",
            "ecdsa_curve": "P224",
            "id": "8b849c6b8860efa68b72fdf2de2a5a372bd93ac4",
            "private_key_openssh": "-----BEGIN OPENSSH PRIVATE KEY-----\nb3BlbnNzaC1rZXktdjEAAAAABG5vbmUAAAAEbm9uZQAAAAAAAAABAAACFwAAAAdz\nc2gtcnNhAAAAAwEAAQAAAgEAo/BJL/X/lfl7GNdNK45Q57DqwPZRUC7THjZCfxdO\nC1uljciD3FPCGqqg+JTLryahnSHaS9as7sfbsqfckb7rdfpW1Q5oOZ4lDnIxv2xS\nUZxM80nK7nfl9ZWCGZRsdQ6iSkic88iCQBQaDx3lDLaTlIm6w9wbtl6v92MJRaJy\nvNevXk+3xpPvuB7WL4Kg1bHK5s0PmJbNjYXioj1vp0CE/p4u1DGT/bNrh56WTGDJ\njrxA0UeCmkYD7ZQ+znqtQ5e949LhFeacRu3bjDsCbtktNzYuhag1e5M9pp8MX40e\nEAIZp7RaNhcq5Prpm/OfJWmk+jQtEwx74Q1qJ4c99Nk/b+bR5yo/pAiJqtC0sDoJ\nSXFqsiMAbOLoROtDwRxOjjK/AbXAOiC9K7nMEAeOnFj64P+Rzz9feS1BpO93k5qu\nY956Z/H/D6oN+Rin76gji5frnN+HGr+wmWOd+Tb0mGpgcLrSzO+fytojAJ6P4r37\np+//7J8eHQ+LNZvc8psYBVM60GooejoKaTfTvZuceAAN6rZJp4JFR8tAUDGvnDwZ\n5rnLpfpvsHUsHEcwB7UduZpV5Nus8k3L2hpk26I0fTtDXNWZUx4BqmE8N5281JHv\ncylEaHLYDRN6Vt16hQwgvE1jYkEPSgCHxSTNgdTkFuaKChwmE0Ep+iZw5GItQnnq\nx1sAAAc4y6drCsunawoAAAAHc3NoLXJzYQAAAgEAo/BJL/X/lfl7GNdNK45Q57Dq\nwPZRUC7THjZCfxdOC1uljciD3FPCGqqg+JTLryahnSHaS9as7sfbsqfckb7rdfpW\n1Q5oOZ4lDnIxv2xSUZxM80nK7nfl9ZWCGZRsdQ6iSkic88iCQBQaDx3lDLaTlIm6\nw9wbtl6v92MJRaJyvNevXk+3xpPvuB7WL4Kg1bHK5s0PmJbNjYXioj1vp0CE/p4u\n1DGT/bNrh56WTGDJjrxA0UeCmkYD7ZQ+znqtQ5e949LhFeacRu3bjDsCbtktNzYu\nhag1e5M9pp8MX40eEAIZp7RaNhcq5Prpm/OfJWmk+jQtEwx74Q1qJ4c99Nk/b+bR\n5yo/pAiJqtC0sDoJSXFqsiMAbOLoROtDwRxOjjK/AbXAOiC9K7nMEAeOnFj64P+R\nzz9feS1BpO93k5quY956Z/H/D6oN+Rin76gji5frnN+HGr+wmWOd+Tb0mGpgcLrS\nzO+fytojAJ6P4r37p+//7J8eHQ+LNZvc8psYBVM60GooejoKaTfTvZuceAAN6rZJ\np4JFR8tAUDGvnDwZ5rnLpfpvsHUsHEcwB7UduZpV5Nus8k3L2hpk26I0fTtDXNWZ\nUx4BqmE8N5281JHvcylEaHLYDRN6Vt16hQwgvE1jYkEPSgCHxSTNgdTkFuaKChwm\nE0Ep+iZw5GItQnnqx1sAAAADAQABAAACAGqT1iC1/rkTffGCVwsP9I0LuTJFcEt+\nhYXIpKZXEkfUBucMCp18Xl5Tu16f7WMq7DppPa+8GqUJjUyyUHT397+1RiowuZVr\nuI+RscHOvB2OTYCE4sbxb7Cex/u1QGVBZESCvHbITdU2vFJDjxsavwr8F00plWKU\nYDWmTurUV19poPrhPIp+toOumHQ+qi0C7vPpMFB1CaEN/26WHjZPfabCU5Njv+BZ\neniqou94pNCElmb35HJDPl5/1+0IWAfvaGXqPKauS77Y97hMzKIf0oNoWApQdqSl\n7piaIcMkzPx/QQqD93neyeYfMSxPz5DVA4odzYfqv8ZpoC+efqrlaZVdjWGwAe4j\nkgWTFOmNNZVNbq1lxSd2AU5lDbUk5i7nlnzzOYs/YeKvpsC6RAg0rE5QhFVEu1LX\nyWHLrhBQgNQne9VPIOAerk/X29FnpWMVbwAQcYRxV/zPBJSWkqEWhHSUEm53eQzM\nUHd+SxEgqOoXolgi8lldZoVitB/NtFW2ajJ85weP7Y3AXkBhwb2T7dl5+AF2s7VQ\neYwFOqUyVE4FyZ52o1ioJ1sH5VBReoH31VW4bIHSZvu0yVjGOJMSoFWhTtZXrgQx\nD9mVbrZJNhPB5hSwH9Qp2/mZY/fqGM3YggrLMJAWmVFEjQNFa1fKMwiWWOPMiU3a\nI0PJZtT2KM6hAAABAEY7ObnZrI61l5KBfBGvwsehKRuTCCvrDptUDcLf+U7qqg4A\nutp7inhZc4fBuqkmS3SVMQrYYD761krhe/tDU3CdlGPkrr9ALYKQwt7dE9FmCeYz\nQA7RKYQBQH7dD+tlH3bZNnEXoT7m6FtuIzxIoR78ekH/EaGkB06AAxkv9mR20c4j\n7VW65aVOf63S+X9SadXfngAPiOcsKPmbX7x7nOi92+M4vi/H0DGYB1eDu5+jAYWy\nZLBKTAZgXMrKidQervbwvCwrVLj1IzPiuchf1QXuMlbsOqktf3fSGQmHfOj7hMF9\nO2OwNA2X37b3ciC7I47LVJdtCU9vi0tCNJLbrNAAAAEBANX2eFn78e8ZXprOfKM1\nUbLQvTEkJGq+SXu/MLzsQOaXk+ZohtMtqlIPxetctZ3k9DqFYxhSt9uYhYPwt7Ga\nGFZl7FZAwCqqfl6ktc3n3lK0JnH1+y5W2Gis095KAs6LrsWj97JBOd3ydAiLbFYI\nC5RUxcSJ04wM/++kqGIgxgHaCZcZqOJNY/OQYXpbMQ1yLRuIN6cLwi+/MjMnBqXm\ndhe7uJ7BqTL88YlZYN2pLYZTtw9QhEsBEkBrO19+Qc1tqRSKA1tTQ0U1ZnjydKir\nBee8u3E2EaO7BCtUqrf6b4AQ0lkkPzJ1LmWlBX8ccPxXqd/ViaprEIVpJzP/hi/z\nk9kAAAEBAMQlyYKZrVTi3613YErAxfzZmzj2Vzs+qUK3rvbmQ0O70yCx/nPHtYCH\ntmPWE24c9gGDvc1f8KK267178pI/u5zxFnd/rpdrkFH+puMANj+LSOkd+GML0nWF\nGkWNRtqWSUdr/BRbpQJoKld9OcgQYx4N6NmUM3/17mFIxjpVvb7CEtaCerrWKYjh\nc8Fk2gnv3SNw6fIZIsD37VgtT96nqsh+uSRwOozrHn0Wng1oMmqn6ML2WukI309p\naV5/z53Vpw3h2l/c01dFRyTQEouwJGJvCYlmEDEgH7kk978DZAXviJSC6yIKIS8x\nF0r193pArvy/UnU5NUq9p3MRoyrRmFMAAAAAAQID\n-----END OPENSSH PRIVATE KEY-----\n",
            "private_key_pem": "-----BEGIN RSA PRIVATE KEY-----\nMIIJKAIBAAKCAgEAo/BJL/X/lfl7GNdNK45Q57DqwPZRUC7THjZCfxdOC1uljciD\n3FPCGqqg+JTLryahnSHaS9as7sfbsqfckb7rdfpW1Q5oOZ4lDnIxv2xSUZxM80nK\n7nfl9ZWCGZRsdQ6iSkic88iCQBQaDx3lDLaTlIm6w9wbtl6v92MJRaJyvNevXk+3\nxpPvuB7WL4Kg1bHK5s0PmJbNjYXioj1vp0CE/p4u1DGT/bNrh56WTGDJjrxA0UeC\nmkYD7ZQ+znqtQ5e949LhFeacRu3bjDsCbtktNzYuhag1e5M9pp8MX40eEAIZp7Ra\nNhcq5Prpm/OfJWmk+jQtEwx74Q1qJ4c99Nk/b+bR5yo/pAiJqtC0sDoJSXFqsiMA\nbOLoROtDwRxOjjK/AbXAOiC9K7nMEAeOnFj64P+Rzz9feS1BpO93k5quY956Z/H/\nD6oN+Rin76gji5frnN+HGr+wmWOd+Tb0mGpgcLrSzO+fytojAJ6P4r37p+//7J8e\nHQ+LNZvc8psYBVM60GooejoKaTfTvZuceAAN6rZJp4JFR8tAUDGvnDwZ5rnLpfpv\nsHUsHEcwB7UduZpV5Nus8k3L2hpk26I0fTtDXNWZUx4BqmE8N5281JHvcylEaHLY\nDRN6Vt16hQwgvE1jYkEPSgCHxSTNgdTkFuaKChwmE0Ep+iZw5GItQnnqx1sCAwEA\nAQKCAgBqk9Ygtf65E33xglcLD/SNC7kyRXBLfoWFyKSmVxJH1AbnDAqdfF5eU7te\nn+1jKuw6aT2vvBqlCY1MslB09/e/tUYqMLmVa7iPkbHBzrwdjk2AhOLG8W+wnsf7\ntUBlQWREgrx2yE3VNrxSQ48bGr8K/BdNKZVilGA1pk7q1FdfaaD64TyKfraDrph0\nPqotAu7z6TBQdQmhDf9ulh42T32mwlOTY7/gWXp4qqLveKTQhJZm9+RyQz5ef9ft\nCFgH72hl6jymrku+2Pe4TMyiH9KDaFgKUHakpe6YmiHDJMz8f0EKg/d53snmHzEs\nT8+Q1QOKHc2H6r/GaaAvnn6q5WmVXY1hsAHuI5IFkxTpjTWVTW6tZcUndgFOZQ21\nJOYu55Z88zmLP2Hir6bAukQINKxOUIRVRLtS18lhy64QUIDUJ3vVTyDgHq5P19vR\nZ6VjFW8AEHGEcVf8zwSUlpKhFoR0lBJud3kMzFB3fksRIKjqF6JYIvJZXWaFYrQf\nzbRVtmoyfOcHj+2NwF5AYcG9k+3ZefgBdrO1UHmMBTqlMlROBcmedqNYqCdbB+VQ\nUXqB99VVuGyB0mb7tMlYxjiTEqBVoU7WV64EMQ/ZlW62STYTweYUsB/UKdv5mWP3\n6hjN2IIKyzCQFplRRI0DRWtXyjMIlljjzIlN2iNDyWbU9ijOoQKCAQEA1fZ4Wfvx\n7xlems58ozVRstC9MSQkar5Je78wvOxA5peT5miG0y2qUg/F61y1neT0OoVjGFK3\n25iFg/C3sZoYVmXsVkDAKqp+XqS1zefeUrQmcfX7LlbYaKzT3koCzouuxaP3skE5\n3fJ0CItsVggLlFTFxInTjAz/76SoYiDGAdoJlxmo4k1j85BhelsxDXItG4g3pwvC\nL78yMycGpeZ2F7u4nsGpMvzxiVlg3akthlO3D1CESwESQGs7X35BzW2pFIoDW1ND\nRTVmePJ0qKsF57y7cTYRo7sEK1Sqt/pvgBDSWSQ/MnUuZaUFfxxw/Fep39WJqmsQ\nhWknM/+GL/OT2QKCAQEAxCXJgpmtVOLfrXdgSsDF/NmbOPZXOz6pQreu9uZDQ7vT\nILH+c8e1gIe2Y9YTbhz2AYO9zV/worbrvXvykj+7nPEWd3+ul2uQUf6m4wA2P4tI\n6R34YwvSdYUaRY1G2pZJR2v8FFulAmgqV305yBBjHg3o2ZQzf/XuYUjGOlW9vsIS\n1oJ6utYpiOFzwWTaCe/dI3Dp8hkiwPftWC1P3qeqyH65JHA6jOsefRaeDWgyaqfo\nwvZa6QjfT2lpXn/PndWnDeHaX9zTV0VHJNASi7AkYm8JiWYQMSAfuST3vwNkBe+I\nlILrIgohLzEXSvX3ekCu/L9SdTk1Sr2ncxGjKtGYUwKCAQEAlCbUkOIuVHPJmQGv\nNcdeqaV1ywgOm0blVOU+1yHzkneUdm8cJC+zhpzbW6xXKVx2a+segaINIuXKVWCh\noT1k6rYqXlL5fNGPLPN523hY7gVFtZUwdpa1xE0fawTuSpxXyQxPH8OgUPlntN7t\nheiONAg65GrW61u4//OQkFnHIVMbXt/qm8AgnG71wCZSoc/UQgMhHe67aBpIpTi5\nlrgsPyTBolPQV7jjekpEE1foaOGgmN8Uq2azf52AgA/JengbIliqGFtf8hUWvlqL\nwpqhPSPm2m4o6qk9Ks+2Yivrds6vCABcLhELrmAEnU5RQbllq9KNP05hIy97cLrW\n7G8JiQKCAQBjN/YR0SjDmquotI0J4y+DcpO5IasIde7qp72ieOGnnpfynvbmnCvs\nozmYkM5tUcsDAx/8hj5UIJFo3Qzb+88sWSuTMQwg3jE3uMe0ZgQK6qrr+NQPTgic\nl8KtUgR4R7MzpKTzq1Pxvr1EWjzjPZ7VshWKEhRm8wEtRsG2+m4r00HyLjhk0DZc\nXibOufQtOJ808UX1x88zq3Xst6cCKvAR0UBX9Uk4xSo7/jfe8kkmeF8eV72uyWUk\nZ178hUyBO3TwacGr4ikpqQqOzY3ECUquXBqH3Q/tuaEyZ0fG4LE063C8JulH47Xb\niEqPCZKwzY12nlTYpSKW9w5//3j5DOKvAoIBAEY7ObnZrI61l5KBfBGvwsehKRuT\nCCvrDptUDcLf+U7qqg4Autp7inhZc4fBuqkmS3SVMQrYYD761krhe/tDU3CdlGPk\nrr9ALYKQwt7dE9FmCeYzQA7RKYQBQH7dD+tlH3bZNnEXoT7m6FtuIzxIoR78ekH/\nEaGkB06AAxkv9mR20c4j7VW65aVOf63S+X9SadXfngAPiOcsKPmbX7x7nOi92+M4\nvi/H0DGYB1eDu5+jAYWyZLBKTAZgXMrKidQervbwvCwrVLj1IzPiuchf1QXuMlbs\nOqktf3fSGQmHfOj7hMF9O2OwNA2X37b3ciC7I47LVJdtCU9vi0tCNJLbrNA=\n-----END RSA PRIVATE KEY-----\n",
            "private_key_pem_pkcs8": "-----BEGIN PRIVATE KEY-----\nMIIJQgIBADANBgkqhkiG9w0BAQEFAASCCSwwggkoAgEAAoICAQCj8Ekv9f+V+XsY\n100rjlDnsOrA9lFQLtMeNkJ/F04LW6WNyIPcU8IaqqD4lMuvJqGdIdpL1qzux9uy\np9yRvut1+lbVDmg5niUOcjG/bFJRnEzzScrud+X1lYIZlGx1DqJKSJzzyIJAFBoP\nHeUMtpOUibrD3Bu2Xq/3YwlFonK8169eT7fGk++4HtYvgqDVscrmzQ+Yls2NheKi\nPW+nQIT+ni7UMZP9s2uHnpZMYMmOvEDRR4KaRgPtlD7Oeq1Dl73j0uEV5pxG7duM\nOwJu2S03Ni6FqDV7kz2mnwxfjR4QAhmntFo2Fyrk+umb858laaT6NC0TDHvhDWon\nhz302T9v5tHnKj+kCImq0LSwOglJcWqyIwBs4uhE60PBHE6OMr8BtcA6IL0rucwQ\nB46cWPrg/5HPP195LUGk73eTmq5j3npn8f8Pqg35GKfvqCOLl+uc34cav7CZY535\nNvSYamBwutLM75/K2iMAno/ivfun7//snx4dD4s1m9zymxgFUzrQaih6OgppN9O9\nm5x4AA3qtkmngkVHy0BQMa+cPBnmucul+m+wdSwcRzAHtR25mlXk26zyTcvaGmTb\nojR9O0Nc1ZlTHgGqYTw3nbzUke9zKURoctgNE3pW3XqFDCC8TWNiQQ9KAIfFJM2B\n1OQW5ooKHCYTQSn6JnDkYi1CeerHWwIDAQABAoICAGqT1iC1/rkTffGCVwsP9I0L\nuTJFcEt+hYXIpKZXEkfUBucMCp18Xl5Tu16f7WMq7DppPa+8GqUJjUyyUHT397+1\nRiowuZVruI+RscHOvB2OTYCE4sbxb7Cex/u1QGVBZESCvHbITdU2vFJDjxsavwr8\nF00plWKUYDWmTurUV19poPrhPIp+toOumHQ+qi0C7vPpMFB1CaEN/26WHjZPfabC\nU5Njv+BZeniqou94pNCElmb35HJDPl5/1+0IWAfvaGXqPKauS77Y97hMzKIf0oNo\nWApQdqSl7piaIcMkzPx/QQqD93neyeYfMSxPz5DVA4odzYfqv8ZpoC+efqrlaZVd\njWGwAe4jkgWTFOmNNZVNbq1lxSd2AU5lDbUk5i7nlnzzOYs/YeKvpsC6RAg0rE5Q\nhFVEu1LXyWHLrhBQgNQne9VPIOAerk/X29FnpWMVbwAQcYRxV/zPBJSWkqEWhHSU\nEm53eQzMUHd+SxEgqOoXolgi8lldZoVitB/NtFW2ajJ85weP7Y3AXkBhwb2T7dl5\n+AF2s7VQeYwFOqUyVE4FyZ52o1ioJ1sH5VBReoH31VW4bIHSZvu0yVjGOJMSoFWh\nTtZXrgQxD9mVbrZJNhPB5hSwH9Qp2/mZY/fqGM3YggrLMJAWmVFEjQNFa1fKMwiW\nWOPMiU3aI0PJZtT2KM6hAoIBAQDV9nhZ+/HvGV6aznyjNVGy0L0xJCRqvkl7vzC8\n7EDml5PmaIbTLapSD8XrXLWd5PQ6hWMYUrfbmIWD8LexmhhWZexWQMAqqn5epLXN\n595StCZx9fsuVthorNPeSgLOi67Fo/eyQTnd8nQIi2xWCAuUVMXEidOMDP/vpKhi\nIMYB2gmXGajiTWPzkGF6WzENci0biDenC8IvvzIzJwal5nYXu7iewaky/PGJWWDd\nqS2GU7cPUIRLARJAaztffkHNbakUigNbU0NFNWZ48nSoqwXnvLtxNhGjuwQrVKq3\n+m+AENJZJD8ydS5lpQV/HHD8V6nf1YmqaxCFaScz/4Yv85PZAoIBAQDEJcmCma1U\n4t+td2BKwMX82Zs49lc7PqlCt6725kNDu9Mgsf5zx7WAh7Zj1hNuHPYBg73NX/Ci\ntuu9e/KSP7uc8RZ3f66Xa5BR/qbjADY/i0jpHfhjC9J1hRpFjUbalklHa/wUW6UC\naCpXfTnIEGMeDejZlDN/9e5hSMY6Vb2+whLWgnq61imI4XPBZNoJ790jcOnyGSLA\n9+1YLU/ep6rIfrkkcDqM6x59Fp4NaDJqp+jC9lrpCN9PaWlef8+d1acN4dpf3NNX\nRUck0BKLsCRibwmJZhAxIB+5JPe/A2QF74iUgusiCiEvMRdK9fd6QK78v1J1OTVK\nvadzEaMq0ZhTAoIBAQCUJtSQ4i5Uc8mZAa81x16ppXXLCA6bRuVU5T7XIfOSd5R2\nbxwkL7OGnNtbrFcpXHZr6x6Bog0i5cpVYKGhPWTqtipeUvl80Y8s83nbeFjuBUW1\nlTB2lrXETR9rBO5KnFfJDE8fw6BQ+We03u2F6I40CDrkatbrW7j/85CQWcchUxte\n3+qbwCCcbvXAJlKhz9RCAyEd7rtoGkilOLmWuCw/JMGiU9BXuON6SkQTV+ho4aCY\n3xSrZrN/nYCAD8l6eBsiWKoYW1/yFRa+WovCmqE9I+babijqqT0qz7ZiK+t2zq8I\nAFwuEQuuYASdTlFBuWWr0o0/TmEjL3twutbsbwmJAoIBAGM39hHRKMOaq6i0jQnj\nL4Nyk7khqwh17uqnvaJ44aeel/Ke9uacK+yjOZiQzm1RywMDH/yGPlQgkWjdDNv7\nzyxZK5MxDCDeMTe4x7RmBArqquv41A9OCJyXwq1SBHhHszOkpPOrU/G+vURaPOM9\nntWyFYoSFGbzAS1Gwbb6bivTQfIuOGTQNlxeJs659C04nzTxRfXHzzOrdey3pwIq\n8BHRQFf1STjFKjv+N97ySSZ4Xx5Xva7JZSRnXvyFTIE7dPBpwaviKSmpCo7NjcQJ\nSq5cGofdD+25oTJnR8bgsTTrcLwm6UfjtduISo8JkrDNjXaeVNilIpb3Dn//ePkM\n4q8CggEARjs5udmsjrWXkoF8Ea/Cx6EpG5MIK+sOm1QNwt/5TuqqDgC62nuKeFlz\nh8G6qSZLdJUxCthgPvrWSuF7+0NTcJ2UY+Suv0AtgpDC3t0T0WYJ5jNADtEphAFA\nft0P62Ufdtk2cRehPuboW24jPEihHvx6Qf8RoaQHToADGS/2ZHbRziPtVbrlpU5/\nrdL5f1Jp1d+eAA+I5ywo+ZtfvHuc6L3b4zi+L8fQMZgHV4O7n6MBhbJksEpMBmBc\nysqJ1B6u9vC8LCtUuPUjM+K5yF/VBe4yVuw6qS1/d9IZCYd86PuEwX07Y7A0DZff\ntvdyILsjjstUl20JT2+LS0I0ktus0A==\n-----END PRIVATE KEY-----\n",
            "public_key_fingerprint_md5": "fb:a1:7b:f9:be:9b:a2:91:16:fa:da:eb:1d:41:31:24",
            "public_key_fingerprint_sha256": "SHA256:f4YcOHwcj1UEeQ5tELSJpBCeGuM5osWsWxIG57ZDbFA",
            "public_key_openssh": "ssh-rsa AAAAB3NzaC1yc2EAAAADAQABAAACAQCj8Ekv9f+V+XsY100rjlDnsOrA9lFQLtMeNkJ/F04LW6WNyIPcU8IaqqD4lMuvJqGdIdpL1qzux9uyp9yRvut1+lbVDmg5niUOcjG/bFJRnEzzScrud+X1lYIZlGx1DqJKSJzzyIJAFBoPHeUMtpOUibrD3Bu2Xq/3YwlFonK8169eT7fGk++4HtYvgqDVscrmzQ+Yls2NheKiPW+nQIT+ni7UMZP9s2uHnpZMYMmOvEDRR4KaRgPtlD7Oeq1Dl73j0uEV5pxG7duMOwJu2S03Ni6FqDV7kz2mnwxfjR4QAhmntFo2Fyrk+umb858laaT6NC0TDHvhDWonhz302T9v5tHnKj+kCImq0LSwOglJcWqyIwBs4uhE60PBHE6OMr8BtcA6IL0rucwQB46cWPrg/5HPP195LUGk73eTmq5j3npn8f8Pqg35GKfvqCOLl+uc34cav7CZY535NvSYamBwutLM75/K2iMAno/ivfun7//snx4dD4s1m9zymxgFUzrQaih6OgppN9O9m5x4AA3qtkmngkVHy0BQMa+cPBnmucul+m+wdSwcRzAHtR25mlXk26zyTcvaGmTbojR9O0Nc1ZlTHgGqYTw3nbzUke9zKURoctgNE3pW3XqFDCC8TWNiQQ9KAIfFJM2B1OQW5ooKHCYTQSn6JnDkYi1CeerHWw==\n",
            "public_key_pem": "-----BEGIN PUBLIC KEY-----\nMIICIjANBgkqhkiG9w0BAQEFAAOCAg8AMIICCgKCAgEAo/BJL/X/lfl7GNdNK45Q\n57DqwPZRUC7THjZCfxdOC1uljciD3FPCGqqg+JTLryahnSHaS9as7sfbsqfckb7r\ndfpW1Q5oOZ4lDnIxv2xSUZxM80nK7nfl9ZWCGZRsdQ6iSkic88iCQBQaDx3lDLaT\nlIm6w9wbtl6v92MJRaJyvNevXk+3xpPvuB7WL4Kg1bHK5s0PmJbNjYXioj1vp0CE\n/p4u1DGT/bNrh56WTGDJjrxA0UeCmkYD7ZQ+znqtQ5e949LhFeacRu3bjDsCbtkt\nNzYuhag1e5M9pp8MX40eEAIZp7RaNhcq5Prpm/OfJWmk+jQtEwx74Q1qJ4c99Nk/\nb+bR5yo/pAiJqtC0sDoJSXFqsiMAbOLoROtDwRxOjjK/AbXAOiC9K7nMEAeOnFj6\n4P+Rzz9feS1BpO93k5quY956Z/H/D6oN+Rin76gji5frnN+HGr+wmWOd+Tb0mGpg\ncLrSzO+fytojAJ6P4r37p+//7J8eHQ+LNZvc8psYBVM60GooejoKaTfTvZuceAAN\n6rZJp4JFR8tAUDGvnDwZ5rnLpfpvsHUsHEcwB7UduZpV5Nus8k3L2hpk26I0fTtD\nXNWZUx4BqmE8N5281JHvcylEaHLYDRN6Vt16hQwgvE1jYkEPSgCHxSTNgdTkFuaK\nChwmE0Ep+iZw5GItQnnqx1sCAwEAAQ==\n-----END PUBLIC KEY-----\n",
            "rsa_bits": 4096
          },
          "sensitive_attributes": []
        }
      ]
    }
  ],
  "check_results": null
}
